<?xml version="1.0" encoding="utf-8"?>
<Project ToolsVersion="4.0" xmlns="http://schemas.microsoft.com/developer/msbuild/2003">
  <ItemGroup>
    <Filter Include="Source Files">
      <UniqueIdentifier>{f14c911a-da5c-4bdd-8e4a-5de8e0548948}</UniqueIdentifier>
      <Extensions>cpp;c;cxx;rc;def;r;odl;idl;hpj;bat</Extensions>
    </Filter>
    <Filter Include="Header Files">
      <UniqueIdentifier>{797acdd8-961d-4658-bdde-fdb62ff583d2}</UniqueIdentifier>
      <Extensions>h;hpp;hxx;hm;inl</Extensions>
    </Filter>
    <Filter Include="Resource Files">
      <UniqueIdentifier>{16dcbbab-2a38-4613-a561-47ace1f743ff}</UniqueIdentifier>
      <Extensions>ico;cur;bmp;dlg;rc2;rct;bin;rgs;gif;jpg;jpeg;jpe</Extensions>
    </Filter>
  </ItemGroup>
  <ItemGroup>
    <ClCompile Include="BunchGray.cpp">
      <Filter>Source Files</Filter>
    </ClCompile>
    <ClCompile Include="Bunchrel.cpp">
      <Filter>Source Files</Filter>
    </ClCompile>
    <ClCompile Include="ChildFrm.cpp">
      <Filter>Source Files</Filter>
    </ClCompile>
    <ClCompile Include="ChParam.cpp">
      <Filter>Source Files</Filter>
    </ClCompile>
    <ClCompile Include="ColorIntervalSelect.cpp">
      <Filter>Source Files</Filter>
    </ClCompile>
    <ClCompile Include="ColorSection.cpp">
      <Filter>Source Files</Filter>
    </ClCompile>
    <ClCompile Include="ColorVision.cpp">
      <Filter>Source Files</Filter>
    </ClCompile>
    <ClCompile Include="Dib.cpp">
      <Filter>Source Files</Filter>
    </ClCompile>
    <ClCompile Include="DibGrayScale.cpp">
      <Filter>Source Files</Filter>
    </ClCompile>
    <ClCompile Include="DibTga.cpp">
      <Filter>Source Files</Filter>
    </ClCompile>
    <ClCompile Include="ImageProcess.cpp">
      <Filter>Source Files</Filter>
    </ClCompile>
    <ClCompile Include="MainFrm.cpp">
      <Filter>Source Files</Filter>
    </ClCompile>
    <ClCompile Include="StdAfx.cpp">
      <Filter>Source Files</Filter>
    </ClCompile>
    <ClCompile Include="Strip.cpp">
      <Filter>Source Files</Filter>
    </ClCompile>
    <ClCompile Include="ViewImageDoc.cpp">
      <Filter>Source Files</Filter>
    </ClCompile>
    <ClCompile Include="ViewImageVw.cpp">
      <Filter>Source Files</Filter>
    </ClCompile>
    <ClCompile Include="VizStripDoc.cpp">
      <Filter>Source Files</Filter>
    </ClCompile>
    <ClCompile Include="VizStripFrame.cpp">
      <Filter>Source Files</Filter>
    </ClCompile>
    <ClCompile Include="VizStripView.cpp">
      <Filter>Source Files</Filter>
    </ClCompile>
    <ClCompile Include="RoadGrSky.cpp">
      <Filter>Source Files</Filter>
    </ClCompile>
    <ClCompile Include="SignalZones.cpp">
      <Filter>Source Files</Filter>
    </ClCompile>
    <ClCompile Include="MarkingSignalParts.cpp">
      <Filter>Source Files</Filter>
    </ClCompile>
    <ClCompile Include="Geometry.cpp">
      <Filter>Source Files</Filter>
    </ClCompile>
    <ClCompile Include="ColorSectionDialog.cpp">
      <Filter>Source Files</Filter>
    </ClCompile>
    <ClCompile Include="BunchCountDlg.cpp">
      <Filter>Source Files</Filter>
    </ClCompile>
  </ItemGroup>
  <ItemGroup>
    <ResourceCompile Include="ColorVision.rc">
      <Filter>Source Files</Filter>
    </ResourceCompile>
  </ItemGroup>
  <ItemGroup>
    <ClInclude Include="BunchGray.h">
      <Filter>Header Files</Filter>
    </ClInclude>
    <ClInclude Include="ChildFrm.h">
      <Filter>Header Files</Filter>
    </ClInclude>
    <ClInclude Include="ChParam.h">
      <Filter>Header Files</Filter>
    </ClInclude>
    <ClInclude Include="ColorIntervalSelect.h">
      <Filter>Header Files</Filter>
    </ClInclude>
    <ClInclude Include="ColorSection.h">
      <Filter>Header Files</Filter>
    </ClInclude>
    <ClInclude Include="ColorVision.h">
      <Filter>Header Files</Filter>
    </ClInclude>
    <ClInclude Include="Dib.h">
      <Filter>Header Files</Filter>
    </ClInclude>
    <ClInclude Include="DibGrayScale.h">
      <Filter>Header Files</Filter>
    </ClInclude>
    <ClInclude Include="DibTga.h">
      <Filter>Header Files</Filter>
    </ClInclude>
    <ClInclude Include="ImageProcess.h">
      <Filter>Header Files</Filter>
    </ClInclude>
    <ClInclude Include="MainFrm.h">
      <Filter>Header Files</Filter>
    </ClInclude>
    <ClInclude Include="Resource.h">
      <Filter>Header Files</Filter>
    </ClInclude>
    <ClInclude Include="StdAfx.h">
      <Filter>Header Files</Filter>
    </ClInclude>
    <ClInclude Include="Strip.h">
      <Filter>Header Files</Filter>
    </ClInclude>
    <ClInclude Include="ViewImageDoc.h">
      <Filter>Header Files</Filter>
    </ClInclude>
    <ClInclude Include="ViewImageVw.h">
      <Filter>Header Files</Filter>
    </ClInclude>
    <ClInclude Include="VizStripDoc.h">
      <Filter>Header Files</Filter>
    </ClInclude>
    <ClInclude Include="VizStripFrame.h">
      <Filter>Header Files</Filter>
    </ClInclude>
    <ClInclude Include="VizStripView.h">
      <Filter>Header Files</Filter>
    </ClInclude>
    <ClInclude Include="FindingDoors.h">
      <Filter>Header Files</Filter>
    </ClInclude>
    <ClInclude Include="Geometry.h">
      <Filter>Header Files</Filter>
    </ClInclude>
    <ClInclude Include="ColorSectionDialog.h">
      <Filter>Header Files</Filter>
    </ClInclude>
    <ClInclude Include="std_types.h">
      <Filter>Header Files</Filter>
    </ClInclude>
    <ClInclude Include="cv_config.h">
      <Filter>Header Files</Filter>
    </ClInclude>
    <ClInclude Include="BunchCountDlg.h">
      <Filter>Header Files</Filter>
    </ClInclude>
  </ItemGroup>
  <ItemGroup>
    <Image Include="res\ColorVision.ico">
      <Filter>Resource Files</Filter>
    </Image>
    <Image Include="res\ColorVisionDoc.ico">
      <Filter>Resource Files</Filter>
    </Image>
    <Image Include="res\Toolbar.bmp">
      <Filter>Resource Files</Filter>
    </Image>
  </ItemGroup>
  <ItemGroup>
    <None Include="res\ColorVision.rc2">
      <Filter>Resource Files</Filter>
    </None>
    <None Include="ClassDiagram1.cd" />
    <None Include="ColorVision.reg" />
  </ItemGroup>
</Project>